
Microsoft Visual Studio Solution File, Format Version 12.00
Project("{FAE04EC0-301F-11D3-BF4B-00C04F79EFBC}") = "ScheduleClient", "ScheduleClient\ScheduleClient.csproj", "{46319D37-8886-4D45-9A83-2863AA951DAF}"
EndProject
Project("{2150E333-8FDC-42A3-9474-1A3956D46DE8}") = "Solution Items", "Solution Items", "{D3F6F4A6-5731-46D4-BA2B-3F64A3165203}"
	ProjectSection(SolutionItems) = preProject
		compose.yaml = compose.yaml
	EndProjectSection
EndProject
Project("{FAE04EC0-301F-11D3-BF4B-00C04F79EFBC}") = "ScheduleServer", "ScheduleServer\ScheduleServer.csproj", "{7FF2BAA1-6922-419E-BCFB-C281E5014DA9}"
EndProject
Project("{FAE04EC0-301F-11D3-BF4B-00C04F79EFBC}") = "ScheduleCommon", "ScheduleCommon\ScheduleCommon.csproj", "{E288ADE0-803C-4CEE-8209-23554E63E60E}"
EndProject
Global
	GlobalSection(SolutionConfigurationPlatforms) = preSolution
		Debug|Any CPU = Debug|Any CPU
		Release|Any CPU = Release|Any CPU
	EndGlobalSection
	GlobalSection(ProjectConfigurationPlatforms) = postSolution
		{46319D37-8886-4D45-9A83-2863AA951DAF}.Debug|Any CPU.ActiveCfg = Debug|Any CPU
		{46319D37-8886-4D45-9A83-2863AA951DAF}.Debug|Any CPU.Build.0 = Debug|Any CPU
		{46319D37-8886-4D45-9A83-2863AA951DAF}.Release|Any CPU.ActiveCfg = Release|Any CPU
		{46319D37-8886-4D45-9A83-2863AA951DAF}.Release|Any CPU.Build.0 = Release|Any CPU
		{7FF2BAA1-6922-419E-BCFB-C281E5014DA9}.Debug|Any CPU.ActiveCfg = Debug|Any CPU
		{7FF2BAA1-6922-419E-BCFB-C281E5014DA9}.Debug|Any CPU.Build.0 = Debug|Any CPU
		{7FF2BAA1-6922-419E-BCFB-C281E5014DA9}.Release|Any CPU.ActiveCfg = Release|Any CPU
		{7FF2BAA1-6922-419E-BCFB-C281E5014DA9}.Release|Any CPU.Build.0 = Release|Any CPU
		{E288ADE0-803C-4CEE-8209-23554E63E60E}.Debug|Any CPU.ActiveCfg = Debug|Any CPU
		{E288ADE0-803C-4CEE-8209-23554E63E60E}.Debug|Any CPU.Build.0 = Debug|Any CPU
		{E288ADE0-803C-4CEE-8209-23554E63E60E}.Release|Any CPU.ActiveCfg = Release|Any CPU
		{E288ADE0-803C-4CEE-8209-23554E63E60E}.Release|Any CPU.Build.0 = Release|Any CPU
	EndGlobalSection
EndGlobal
